version = 1
revision = 3
requires-python = ">=3.13"

[[package]]
name = "click"
version = "8.3.1"
source = { registry = "https://pypi.org/simple" }
dependencies = [
    { name = "colorama", marker = "sys_platform == 'win32'" },
]
sdist = { url = "https://files.pythonhosted.org/packages/3d/fa/656b739db8587d7b5dfa22e22ed02566950fbfbcdc20311993483657a5c0/click-8.3.1.tar.gz", hash = "sha256:12ff4785d337a1bb490bb7e9c2b1ee5da3112e94a8622f26a6c77f5d2fc6842a", size = 295065, upload-time = "2025-11-15T20:45:42.706Z" }
wheels = [
    { url = "https://files.pythonhosted.org/packages/98/78/01c019cdb5d6498122777c1a43056ebb3ebfeef2076d9d026bfe15583b2b/click-8.3.1-py3-none-any.whl", hash = "sha256:981153a64e25f12d547d3426c367a4857371575ee7ad18df2a6183ab0545b2a6", size = 108274, upload-time = "2025-11-15T20:45:41.139Z" },
]

[[package]]
name = "colorama"
version = "0.4.6"
source = { registry = "https://pypi.org/simple" }
sdist = { url = "https://files.pythonhosted.org/packages/d8/53/6f443c9a4a8358a93a6792e2acffb9d9d5cb0a5cfd8802644b7b1c9a02e4/colorama-0.4.6.tar.gz", hash = "sha256:08695f5cb7ed6e0531a20572697297273c47b8cae5a63ffc6d6ed5c201be6e44", size = 27697, upload-time = "2022-10-25T02:36:22.414Z" }
wheels = [
    { url = "https://files.pythonhosted.org/packages/d1/d6/3965ed04c63042e047cb6a3e6ed1a63a35087b6a609aa3a15ed8ac56c221/colorama-0.4.6-py2.py3-none-any.whl", hash = "sha256:4f1d9991f5acc0ca119f9d443620b77f9d6b33703e51011c16baf57afb285fc6", size = 25335, upload-time = "2022-10-25T02:36:20.889Z" },
]

[[package]]
name = "mininet"
version = "2.3.0.dev6"
source = { registry = "https://pypi.org/simple" }
dependencies = [
    { name = "setuptools" },
]
sdist = { url = "https://files.pythonhosted.org/packages/0c/18/8b324a3f81f342c4d47ce63dde87bee79d68e248843ee2fb1cc59a1f7cb7/mininet-2.3.0.dev6.tar.gz", hash = "sha256:4d93983ab2709bf39764006d85b60b6ce1ee8897f8ebf1c3f848b7840f0632b8", size = 132034, upload-time = "2020-09-24T00:57:10.274Z" }
wheels = [
    { url = "https://files.pythonhosted.org/packages/3b/28/84a4ec5e4f018b67196f73b8152f1020de764fe5d37c201b36fe785e45d9/mininet-2.3.0.dev6-py2.py3-none-any.whl", hash = "sha256:2175d04efa37dd6df86d1ff80e1f55d0d388c0edd0c8f0fc467c52a72799a85b", size = 152007, upload-time = "2020-09-24T00:57:13.41Z" },
]

[[package]]
name = "scapy"
version = "2.7.0"
source = { registry = "https://pypi.org/simple" }
sdist = { url = "https://files.pythonhosted.org/packages/82/97/7caec64f05eae3d305d83e7cce1ef2f337710513b89efb334f7278202e79/scapy-2.7.0.tar.gz", hash = "sha256:bfc1ef1b93280aea1ddee53be7f74232aa28ac3d891244d41ee85200d24aa446", size = 2412897, upload-time = "2025-12-26T22:10:53.359Z" }
wheels = [
    { url = "https://files.pythonhosted.org/packages/f0/6f/bd32e5e8adc391063858da17271bb444e4b009842cffa593bca8b2b78af7/scapy-2.7.0-py3-none-any.whl", hash = "sha256:eb22786da92be6fd8e5c694ae5595e4f5b9ac1f4364c9c45986844f3e3063561", size = 2590982, upload-time = "2025-12-26T22:07:48.941Z" },
]

[[package]]
name = "setuptools"
version = "82.0.1"
source = { registry = "https://pypi.org/simple" }
sdist = { url = "https://files.pythonhosted.org/packages/4f/db/cfac1baf10650ab4d1c111714410d2fbb77ac5a616db26775db562c8fab2/setuptools-82.0.1.tar.gz", hash = "sha256:7d872682c5d01cfde07da7bccc7b65469d3dca203318515ada1de5eda35efbf9", size = 1152316, upload-time = "2026-03-09T12:47:17.221Z" }
wheels = [
    { url = "https://files.pythonhosted.org/packages/9d/76/f789f7a86709c6b087c5a2f52f911838cad707cc613162401badc665acfe/setuptools-82.0.1-py3-none-any.whl", hash = "sha256:a59e362652f08dcd477c78bb6e7bd9d80a7995bc73ce773050228a348ce2e5bb", size = 1006223, upload-time = "2026-03-09T12:47:15.026Z" },
]

[[package]]
name = "six"
version = "1.17.0"
source = { registry = "https://pypi.org/simple" }
sdist = { url = "https://files.pythonhosted.org/packages/94/e7/b2c673351809dca68a0e064b6af791aa332cf192da575fd474ed7d6f16a2/six-1.17.0.tar.gz", hash = "sha256:ff70335d468e7eb6ec65b95b99d3a2836546063f63acc5171de367e834932a81", size = 34031, upload-time = "2024-12-04T17:35:28.174Z" }
wheels = [
    { url = "https://files.pythonhosted.org/packages/b7/ce/149a00dd41f10bc29e5921b496af8b574d8413afcd5e30dfa0ed46c2cc5e/six-1.17.0-py2.py3-none-any.whl", hash = "sha256:4721f391ed90541fddacab5acf947aa0d3dc7d27b2e1e8eda2be8970586c3274", size = 11050, upload-time = "2024-12-04T17:35:26.475Z" },
]

[[package]]
name = "spark-parser"
version = "1.9.0"
source = { registry = "https://pypi.org/simple" }
dependencies = [
    { name = "click" },
]
sdist = { url = "https://files.pythonhosted.org/packages/3c/e1/a443990c6c32cb7fa7d3896405d2924c4921c74c1ffd5b90ffaeb42f778a/spark_parser-1.9.0.tar.gz", hash = "sha256:dc66d48c4265c4133db41a9c5fe9c1c502b3b20167df158a0f234cd31712cf64", size = 80108, upload-time = "2024-10-08T13:51:02.148Z" }
wheels = [
    { url = "https://files.pythonhosted.org/packages/d8/c6/9d34faf67c92e14f1feaa036f6bc8beed0af71af1287060060af1b47bf9c/spark_parser-1.9.0-py310-none-any.whl", hash = "sha256:a1ab71c2df145b21c2c1c8aa5f001e36206bec259ec836504263ab7450881ad1", size = 45955, upload-time = "2024-10-08T13:45:04.437Z" },
    { url = "https://files.pythonhosted.org/packages/4b/bb/a13ae1bd3d257720e19d5d8a3dfa34cee38c5d9dd59dcb2c001bd0c6c310/spark_parser-1.9.0-py311-none-any.whl", hash = "sha256:30ab1a6005a783ca39f73ad477efb1e12a1cb0123607543e71690d9fd6fecf49", size = 63422, upload-time = "2024-10-08T13:45:05.451Z" },
    { url = "https://files.pythonhosted.org/packages/f1/9f/771e5add2467b6cadbcb560290bb6d9a4b069c3ca8483181245f5ea2d83e/spark_parser-1.9.0-py312-none-any.whl", hash = "sha256:036b8227c5b09a919a7eae50576f91d533124de1dbf9a9c654a2be5864f1c947", size = 63423, upload-time = "2024-10-08T13:45:07.059Z" },
    { url = "https://files.pythonhosted.org/packages/1c/3d/074fef587d8c392e4e5d3599670fec88e01ebb5a5ddc1ada05b80f01a921/spark_parser-1.9.0-py313-none-any.whl", hash = "sha256:fc2e188601a6c8f7a68e2d7bd97ca377f6dc271a67607ff11e6beef39d0e9d1d", size = 63427, upload-time = "2024-10-14T10:49:03.625Z" },
]

[[package]]
name = "system"
version = "0.1.0"
source = { virtual = "." }
dependencies = [
    { name = "mininet" },
    { name = "scapy" },
    { name = "uncompyle6" },
]

[package.metadata]
requires-dist = [
    { name = "mininet", specifier = ">=2.3.0.dev6" },
    { name = "scapy", specifier = ">=2.7.0" },
    { name = "uncompyle6", specifier = ">=3.9.3" },
]

[[package]]
name = "uncompyle6"
version = "3.9.3"
source = { registry = "https://pypi.org/simple" }
dependencies = [
    { name = "click" },
    { name = "spark-parser" },
    { name = "xdis" },
]
sdist = { url = "https://files.pythonhosted.org/packages/db/9b/c6ebd89902b60d397b5b992f58013fd0a29eee4ac87e46a7137a9a79b601/uncompyle6-3.9.3.tar.gz", hash = "sha256:78b764d4c843b0455fb39db6deb421a48d5d3ebb846537ba6444afe107c4ebc1", size = 2475497, upload-time = "2025-09-29T11:24:49.229Z" }
wheels = [
    { url = "https://files.pythonhosted.org/packages/62/a1/34986d9989501caf794e05f3d893314e209de9fcf7e49f93ae04c1433a74/uncompyle6-3.9.3-py3-none-any.whl", hash = "sha256:c2b059147afb97498b6cc42eb14bd09dea23f513aee957f461d0ab84a02d3c36", size = 358939, upload-time = "2025-09-29T11:24:48.118Z" },
    { url = "https://files.pythonhosted.org/packages/48/ab/baf6ecbfa3ed1551852e813999220c957b0d585867df466aa631c4829908/uncompyle6-3.9.3-py36-none-any.whl", hash = "sha256:7f3e21e650400ae144d2189a503b8febf9e76bec6b1b9761a78001896dd43672", size = 359145, upload-time = "2025-09-29T11:24:43.858Z" },
    { url = "https://files.pythonhosted.org/packages/61/e6/e9cfdba0753cdbbb566805279e0c646bcdf9210ef339adb908e16a67afcd/uncompyle6-3.9.3-py38-none-any.whl", hash = "sha256:501d873782b168d9f452a1316ad2caa4ee6853daf594518e6f3e0777cafa4ac8", size = 359123, upload-time = "2025-09-29T11:24:45.643Z" },
    { url = "https://files.pythonhosted.org/packages/43/1a/57b583724fa2b3b7c70c92e8d7629d0cfcd808ea836272b2d0e33200f207/uncompyle6-3.9.3-py39-none-any.whl", hash = "sha256:88b14b26e361e572a97b1c5092fe4a67102346927b75f52e8a738ed7ef587dbc", size = 359139, upload-time = "2025-09-29T11:24:47.01Z" },
]

[[package]]
name = "xdis"
version = "6.1.8"
source = { registry = "https://pypi.org/simple" }
dependencies = [
    { name = "click" },
    { name = "six" },
]
sdist = { url = "https://files.pythonhosted.org/packages/31/53/40c259fba51acb5ae83a0ecee4aa0837c57d2fa0e29bd7391fe041bfee7f/xdis-6.1.8.tar.gz", hash = "sha256:a070c390f814395d672a8732b8b5e8e09cdeeaac1b32497e8061c24f126f6d69", size = 630484, upload-time = "2025-10-17T17:17:30.278Z" }
wheels = [
    { url = "https://files.pythonhosted.org/packages/ae/e7/9f12bf8e8caab1845a2895df536e30c9cd5a86bf30d655a86bb97aa60686/xdis-6.1.8-py310-none-any.whl", hash = "sha256:b91a784627f18154e2607784ceafdc78b32f5ee235fa33d2ee1b0d00c89edf27", size = 216062, upload-time = "2025-10-17T17:17:19.359Z" },
    { url = "https://files.pythonhosted.org/packages/bf/78/1f5fc383b13574759093ee56e3b3f06993055d7c59afb20097adfa51ecda/xdis-6.1.8-py311-none-any.whl", hash = "sha256:33c297a0951f3b81de62f27169607a9e1d2b560d488ef4cb6cecc119cfb72ded", size = 197851, upload-time = "2025-10-17T17:17:21.211Z" },
    { url = "https://files.pythonhosted.org/packages/cf/2b/b23e4de209a60d4b9ed177d232d5cf4924fb4e1f1525d500b5b5658cfdbc/xdis-6.1.8-py312-none-any.whl", hash = "sha256:0e5579fd715a1df6bc2e1e828879d8751d16910eae967d0f4f518cad4f0723ba", size = 197851, upload-time = "2025-10-17T17:17:22.555Z" },
    { url = "https://files.pythonhosted.org/packages/5a/6c/7f36fe7cc1ef91bae777d63fadc14ccd0116520ede93b268dc3b3dcd6a3a/xdis-6.1.8-py313-none-any.whl", hash = "sha256:496349d62623a8bb77b33c44dfcf68860c1d1db5b43d7f729a241c73168d3e8f", size = 197851, upload-time = "2025-10-17T17:17:23.878Z" },
    { url = "https://files.pythonhosted.org/packages/3a/01/2d0c948362bb7c3e0fc689aef67884fe3c3053a22a15cee269bc708e1881/xdis-6.1.8-py36-none-any.whl", hash = "sha256:255c5a5f147c49c15a953afc8852b68e471a23897e5f8595949c1b581263606d", size = 215978, upload-time = "2025-10-17T17:17:24.88Z" },
    { url = "https://files.pythonhosted.org/packages/8a/db/b1713ad464e8b8cc92fbbd06f9436bf5177e09b57f398b0adff349e391a6/xdis-6.1.8-py37-none-any.whl", hash = "sha256:d03ad44ee7a3faf3d75ff83498dee023f2da06fdabbe8252e29400ddbee405f2", size = 215976, upload-time = "2025-10-17T17:17:26.857Z" },
    { url = "https://files.pythonhosted.org/packages/b4/a8/e3027198d980605a15ac77ffed7d5e20f7ad1b13f7a1d0b36b5532b6481d/xdis-6.1.8-py38-none-any.whl", hash = "sha256:e487b3a0a8631f3f74828d157acf68250fec0cbe383cddfacade3ae639281483", size = 215975, upload-time = "2025-10-17T17:17:27.832Z" },
    { url = "https://files.pythonhosted.org/packages/7b/5b/d28d06672e059fc6480ddd85e1ec69f351a215250b43e82fafcaac1a665c/xdis-6.1.8-py39-none-any.whl", hash = "sha256:d52c6890646eed3b5f2cdfe93ee98da639286dcaa20ceb1fbef6e05c3600da12", size = 216062, upload-time = "2025-10-17T17:17:29.22Z" },
]
